{
  "name": "@bluehexagons/easing",
  "version": "0.3.4",
  "lockfileVersion": 3,
  "requires": true,
  "packages": {
    "": {
      "name": "@bluehexagons/easing",
      "version": "0.3.4",
      "license": "MIT",
      "devDependencies": {
        "typescript": "^5.4.2"
      },
      "engines": {
        "node": ">=15.0.0"
      },
      "funding": {
        "type": "github",
        "url": "https://github.com/sponsors/bluehexagons"
      }
    },
    "node_modules/typescript": {
      "version": "5.4.3",
      "resolved": "https://registry.npmjs.org/typescript/-/typescript-5.4.3.tgz",
      "integrity": "sha512-KrPd3PKaCLr78MalgiwJnA25Nm8HAmdwN3mYUYZgG/wizIo9EainNVQI9/yDavtVFRN2h3k8uf3GLHuhDMgEHg==",
      "dev": true,
      "bin": {
        "tsc": "bin/tsc",
        "tsserver": "bin/tsserver"
      },
      "engines": {
        "node": ">=14.17"
      }
    }
  }
}
